// !$*UTF8*$!
{
	archiveVersion = 1;
	classes = {
	};
	objectVersion = 46;
	objects = {

/* Begin PBXBuildFile section */
		0DBB4FD91CD8CDA30008DDE6 /* UnityWebView_for_iOS.h in CopyFiles */ = {isa = PBXBuildFile; fileRef = 0DBB4FD81CD8CDA30008DDE6 /* UnityWebView_for_iOS.h */; };
		0DBB4FDB1CD8CDA30008DDE6 /* UnityWebView_for_iOS.mm in Sources */ = {isa = PBXBuildFile; fileRef = 0DBB4FDA1CD8CDA30008DDE6 /* UnityWebView_for_iOS.mm */; };
		0DBB4FE31CD8D35B0008DDE6 /* UnityWebView_for_iOS_Manager.m in Sources */ = {isa = PBXBuildFile; fileRef = 0DBB4FE21CD8D35B0008DDE6 /* UnityWebView_for_iOS_Manager.m */; };
/* End PBXBuildFile section */

/* Begin PBXCopyFilesBuildPhase section */
		0DBB4FD31CD8CDA30008DDE6 /* CopyFiles */ = {
			isa = PBXCopyFilesBuildPhase;
			buildActionMask = 2147483647;
			dstPath = "include/$(PRODUCT_NAME)";
			dstSubfolderSpec = 16;
			files = (
				0DBB4FD91CD8CDA30008DDE6 /* UnityWebView_for_iOS.h in CopyFiles */,
			);
			runOnlyForDeploymentPostprocessing = 0;
		};
/* End PBXCopyFilesBuildPhase section */

/* Begin PBXFileReference section */
		0DBB4FD51CD8CDA30008DDE6 /* libUnityWebView for iOS.a */ = {isa = PBXFileReference; explicitFileType = archive.ar; includeInIndex = 0; path = "libUnityWebView for iOS.a"; sourceTree = BUILT_PRODUCTS_DIR; };
		0DBB4FD81CD8CDA30008DDE6 /* UnityWebView_for_iOS.h */ = {isa = PBXFileReference; lastKnownFileType = sourcecode.c.h; path = UnityWebView_for_iOS.h; sourceTree = "<group>"; };
		0DBB4FDA1CD8CDA30008DDE6 /* UnityWebView_for_iOS.mm */ = {isa = PBXFileReference; lastKnownFileType = sourcecode.cpp.objcpp; path = UnityWebView_for_iOS.mm; sourceTree = "<group>"; };
		0DBB4FE11CD8D35B0008DDE6 /* UnityWebView_for_iOS_Manager.h */ = {isa = PBXFileReference; fileEncoding = 4; lastKnownFileType = sourcecode.c.h; path = UnityWebView_for_iOS_Manager.h; sourceTree = "<group>"; };
		0DBB4FE21CD8D35B0008DDE6 /* UnityWebView_for_iOS_Manager.m */ = {isa = PBXFileReference; fileEncoding = 4; lastKnownFileType = sourcecode.c.objc; path = UnityWebView_for_iOS_Manager.m; sourceTree = "<group>"; };
/* End PBXFileReference section */

/* Begin PBXFrameworksBuildPhase section */
		0DBB4FD21CD8CDA30008DDE6 /* Frameworks */ = {
			isa = PBXFrameworksBuildPhase;
			buildActionMask = 2147483647;
			files = (
			);
			runOnlyForDeploymentPostprocessing = 0;
		};
/* End PBXFrameworksBuildPhase section */

/* Begin PBXGroup section */
		0DBB4FCC1CD8CDA30008DDE6 = {
			isa = PBXGroup;
			children = (
				0DBB4FD71CD8CDA30008DDE6 /* UnityWebView for iOS */,
				0DBB4FD61CD8CDA30008DDE6 /* Products */,
			);
			sourceTree = "<group>";
		};
		0DBB4FD61CD8CDA30008DDE6 /* Products */ = {
			isa = PBXGroup;
			children = (
				0DBB4FD51CD8CDA30008DDE6 /* libUnityWebView for iOS.a */,
			);
			name = Products;
			sourceTree = "<group>";
		};
		0DBB4FD71CD8CDA30008DDE6 /* UnityWebView for iOS */ = {
			isa = PBXGroup;
			children = (
				0DBB4FD81CD8CDA30008DDE6 /* UnityWebView_for_iOS.h */,
				0DBB4FDA1CD8CDA30008DDE6 /* UnityWebView_for_iOS.mm */,
				0DBB4FE11CD8D35B0008DDE6 /* UnityWebView_for_iOS_Manager.h */,
				0DBB4FE21CD8D35B0008DDE6 /* UnityWebView_for_iOS_Manager.m */,
			);
			path = "UnityWebView for iOS";
			sourceTree = "<group>";
		};
/* End PBXGroup section */

/* Begin PBXNativeTarget section */
		0DBB4FD41CD8CDA30008DDE6 /* UnityWebView for iOS */ = {
			isa = PBXNativeTarget;
			buildConfigurationList = 0DBB4FDE1CD8CDA30008DDE6 /* Build configuration list for PBXNativeTarget "UnityWebView for iOS" */;
			buildPhases = (
				0DBB4FD11CD8CDA30008DDE6 /* Sources */,
				0DBB4FD21CD8CDA30008DDE6 /* Frameworks */,
				0DBB4FD31CD8CDA30008DDE6 /* CopyFiles */,
			);
			buildRules = (
			);
			dependencies = (
			);
			name = "UnityWebView for iOS";
			productName = "UnityWebView for iOS";
			productReference = 0DBB4FD51CD8CDA30008DDE6 /* libUnityWebView for iOS.a */;
			productType = "com.apple.product-type.library.static";
		};
/* End PBXNativeTarget section */

/* Begin PBXProject section */
		0DBB4FCD1CD8CDA30008DDE6 /* Project object */ = {
			isa = PBXProject;
			attributes = {
				LastUpgradeCheck = 0730;
				ORGANIZATIONNAME = JustZht;
				TargetAttributes = {
					0DBB4FD41CD8CDA30008DDE6 = {
						CreatedOnToolsVersion = 7.3;
					};
				};
			};
			buildConfigurationList = 0DBB4FD01CD8CDA30008DDE6 /* Build configuration list for PBXProject "UnityWebView for iOS" */;
			compatibilityVersion = "Xcode 3.2";
			developmentRegion = English;
			hasScannedForEncodings = 0;
			knownRegions = (
				en,
			);
			mainGroup = 0DBB4FCC1CD8CDA30008DDE6;
			productRefGroup = 0DBB4FD61CD8CDA30008DDE6 /* Products */;
			projectDirPath = "";
			projectRoot = "";
			targets = (
				0DBB4FD41CD8CDA30008DDE6 /* UnityWebView for iOS */,
			);
		};
/* End PBXProject section */

/* Begin PBXSourcesBuildPhase section */
		0DBB4FD11CD8CDA30008DDE6 /* Sources */ = {
			isa = PBXSourcesBuildPhase;
			buildActionMask = 2147483647;
			files = (
				0DBB4FDB1CD8CDA30008DDE6 /* UnityWebView_for_iOS.mm in Sources */,
				0DBB4FE31CD8D35B0008DDE6 /* UnityWebView_for_iOS_Manager.m in Sources */,
			);
			runOnlyForDeploymentPostprocessing = 0;
		};
/* End PBXSourcesBuildPhase section */

/* Begin XCBuildConfiguration section */
		0DBB4FDC1CD8CDA30008DDE6 /* Debug */ = {
			isa = XCBuildConfiguration;
			buildSettings = {
				ALWAYS_SEARCH_USER_PATHS = NO;
				CLANG_ANALYZER_NONNULL = YES;
				CLANG_CXX_LANGUAGE_STANDARD = "gnu++0x";
				CLANG_CXX_LIBRARY = "libc++";
				CLANG_ENABLE_MODULES = YES;
				CLANG_ENABLE_OBJC_ARC = YES;
				CLANG_WARN_BOOL_CONVERSION = YES;
				CLANG_WARN_CONSTANT_CONVERSION = YES;
				CLANG_WARN_DIRECT_OBJC_ISA_USAGE = YES_ERROR;
				CLANG_WARN_EMPTY_BODY = YES;
				CLANG_WARN_ENUM_CONVERSION = YES;
				CLANG_WARN_INT_CONVERSION = YES;
				CLANG_WARN_OBJC_ROOT_CLASS = YES_ERROR;
				CLANG_WARN_UNREACHABLE_CODE = YES;
				CLANG_WARN__DUPLICATE_METHOD_MATCH = YES;
				"CODE_SIGN_IDENTITY[sdk=iphoneos*]" = "iPhone Developer";
				COPY_PHASE_STRIP = NO;
				DEBUG_INFORMATION_FORMAT = dwarf;
				ENABLE_STRICT_OBJC_MSGSEND = YES;
				ENABLE_TESTABILITY = YES;
				GCC_C_LANGUAGE_STANDARD = gnu99;
				GCC_DYNAMIC_NO_PIC = NO;
				GCC_NO_COMMON_BLOCKS = YES;
				GCC_OPTIMIZATION_LEVEL = 0;
				GCC_PREPROCESSOR_DEFINITIONS = (
					"DEBUG=1",
					"$(inherited)",
				);
				GCC_WARN_64_TO_32_BIT_CONVERSION = YES;
				GCC_WARN_ABOUT_RETURN_TYPE = YES_ERROR;
				GCC_WARN_UNDECLARED_SELECTOR = YES;
				GCC_WARN_UNINITIALIZED_AUTOS = YES_AGGRESSIVE;
				GCC_WARN_UNUSED_FUNCTION = YES;
				GCC_WARN_UNUSED_VARIABLE = YES;
				IPHONEOS_DEPLOYMENT_TARGET = 9.3;
				MTL_ENABLE_DEBUG_INFO = YES;
				ONLY_ACTIVE_ARCH = YES;
				SDKROOT = iphoneos;
			};
			name = Debug;
		};
		0DBB4FDD1CD8CDA30008DDE6 /* Release */ = {
			isa = XCBuildConfiguration;
			buildSettings = {
				ALWAYS_SEARCH_USER_PATHS = NO;
				CLANG_ANALYZER_NONNULL = YES;
				CLANG_CXX_LANGUAGE_STANDARD = "gnu++0x";
				CLANG_CXX_LIBRARY = "libc++";
				CLANG_ENABLE_MODULES = YES;
				CLANG_ENABLE_OBJC_ARC = YES;
				CLANG_WARN_BOOL_CONVERSION = YES;
				CLANG_WARN_CONSTANT_CONVERSION = YES;
				CLANG_WARN_DIRECT_OBJC_ISA_USAGE = YES_ERROR;
				CLANG_WARN_EMPTY_BODY = YES;
				CLANG_WARN_ENUM_CONVERSION = YES;
				CLANG_WARN_INT_CONVERSION = YES;
				CLANG_WARN_OBJC_ROOT_CLASS = YES_ERROR;
				CLANG_WARN_UNREACHABLE_CODE = YES;
				CLANG_WARN__DUPLICATE_METHOD_MATCH = YES;
				"CODE_SIGN_IDENTITY[sdk=iphoneos*]" = "iPhone Developer";
				COPY_PHASE_STRIP = NO;
				DEBUG_INFORMATION_FORMAT = "dwarf-with-dsym";
				ENABLE_NS_ASSERTIONS = NO;
				ENABLE_STRICT_OBJC_MSGSEND = YES;
				GCC_C_LANGUAGE_STANDARD = gnu99;
				GCC_NO_COMMON_BLOCKS = YES;
				GCC_WARN_64_TO_32_BIT_CONVERSION = YES;
				GCC_WARN_ABOUT_RETURN_TYPE = YES_ERROR;
				GCC_WARN_UNDECLARED_SELECTOR = YES;
				GCC_WARN_UNINITIALIZED_AUTOS = YES_AGGRESSIVE;
				GCC_WARN_UNUSED_FUNCTION = YES;
				GCC_WARN_UNUSED_VARIABLE = YES;
				IPHONEOS_DEPLOYMENT_TARGET = 9.3;
				MTL_ENABLE_DEBUG_INFO = NO;
				SDKROOT = iphoneos;
				VALIDATE_PRODUCT = YES;
			};
			name = Release;
		};
		0DBB4FDF1CD8CDA30008DDE6 /* Debug */ = {
			isa = XCBuildConfiguration;
			buildSettings = {
				OTHER_LDFLAGS = "-ObjC";
				PRODUCT_NAME = "$(TARGET_NAME)";
				SKIP_INSTALL = YES;
			};
			name = Debug;
		};
		0DBB4FE01CD8CDA30008DDE6 /* Release */ = {
			isa = XCBuildConfiguration;
			buildSettings = {
				OTHER_LDFLAGS = "-ObjC";
				PRODUCT_NAME = "$(TARGET_NAME)";
				SKIP_INSTALL = YES;
			};
			name = Release;
		};
/* End XCBuildConfiguration section */

/* Begin XCConfigurationList section */
		0DBB4FD01CD8CDA30008DDE6 /* Build configuration list for PBXProject "UnityWebView for iOS" */ = {
			isa = XCConfigurationList;
			buildConfigurations = (
				0DBB4FDC1CD8CDA30008DDE6 /* Debug */,
				0DBB4FDD1CD8CDA30008DDE6 /* Release */,
			);
			defaultConfigurationIsVisible = 0;
			defaultConfigurationName = Release;
		};
		0DBB4FDE1CD8CDA30008DDE6 /* Build configuration list for PBXNativeTarget "UnityWebView for iOS" */ = {
			isa = XCConfigurationList;
			buildConfigurations = (
				0DBB4FDF1CD8CDA30008DDE6 /* Debug */,
				0DBB4FE01CD8CDA30008DDE6 /* Release */,
			);
			defaultConfigurationIsVisible = 0;
			defaultConfigurationName = Release;
		};
/* End XCConfigurationList section */
	};
	rootObject = 0DBB4FCD1CD8CDA30008DDE6 /* Project object */;
}
